{
  "name": "assets",
  "version": "1.0.0",
  "lockfileVersion": 3,
  "requires": true,
  "packages": {
    "": {
      "name": "assets",
      "version": "1.0.0",
      "license": "ISC",
      "dependencies": {
        "cropperjs": "^1.6.2",
        "daisyui": "^5.5.18"
      }
    },
    "node_modules/cropperjs": {
      "version": "1.6.2",
      "resolved": "https://registry.npmjs.org/cropperjs/-/cropperjs-1.6.2.tgz",
      "integrity": "sha512-nhymn9GdnV3CqiEHJVai54TULFAE3VshJTXSqSJKa8yXAKyBKDWdhHarnlIPrshJ0WMFTGuFvG02YjLXfPiuOA==",
      "license": "MIT"
    },
    "node_modules/daisyui": {
      "version": "5.5.18",
      "resolved": "https://registry.npmjs.org/daisyui/-/daisyui-5.5.18.tgz",
      "integrity": "sha512-VVzjpOitMGB6DWIBeRSapbjdOevFqyzpk9u5Um6a4tyId3JFrU5pbtF0vgjXDth76mJZbueN/j9Ok03SPrh/og==",
      "license": "MIT",
      "funding": {
        "url": "https://github.com/saadeghi/daisyui?sponsor=1"
      }
    }
  }
}
